
Microsoft Visual Studio Solution File, Format Version 12.00
# Visual Studio Version 16
VisualStudioVersion = 16.0.31229.75
MinimumVisualStudioVersion = 10.0.40219.1
Project("{8BC9CEB8-8B4A-11D0-8D11-00A0C91BC942}") = "CAFFParser", "CAFFParser\CAFFParser.vcxproj", "{0C2E18F8-072B-444E-AC2B-D83273BCADE5}"
EndProject
Global
	GlobalSection(SolutionConfigurationPlatforms) = preSolution
		Debug|x64 = Debug|x64
		Debug|x86 = Debug|x86
		Release|x64 = Release|x64
		Release|x86 = Release|x86
	EndGlobalSection
	GlobalSection(ProjectConfigurationPlatforms) = postSolution
		{0C2E18F8-072B-444E-AC2B-D83273BCADE5}.Debug|x64.ActiveCfg = Debug|x64
		{0C2E18F8-072B-444E-AC2B-D83273BCADE5}.Debug|x64.Build.0 = Debug|x64
		{0C2E18F8-072B-444E-AC2B-D83273BCADE5}.Debug|x86.ActiveCfg = Debug|Win32
		{0C2E18F8-072B-444E-AC2B-D83273BCADE5}.Debug|x86.Build.0 = Debug|Win32
		{0C2E18F8-072B-444E-AC2B-D83273BCADE5}.Release|x64.ActiveCfg = Release|x64
		{0C2E18F8-072B-444E-AC2B-D83273BCADE5}.Release|x64.Build.0 = Release|x64
		{0C2E18F8-072B-444E-AC2B-D83273BCADE5}.Release|x86.ActiveCfg = Release|Win32
		{0C2E18F8-072B-444E-AC2B-D83273BCADE5}.Release|x86.Build.0 = Release|Win32
	EndGlobalSection
	GlobalSection(SolutionProperties) = preSolution
		HideSolutionNode = FALSE
	EndGlobalSection
	GlobalSection(ExtensibilityGlobals) = postSolution
		SolutionGuid = {F194C832-F8AC-4012-8BAF-B0426634135B}
	EndGlobalSection
EndGlobal
